// !$*UTF8*$!
{
	archiveVersion = 1;
	classes = {
	};
	objectVersion = 77;
	objects = {

/* Begin PBXContainerItemProxy section */
		478D6FF12D2D0FED0075AA38 /* PBXContainerItemProxy */ = {
			isa = PBXContainerItemProxy;
			containerPortal = 478D6FD22D2D0FE80075AA38 /* Project object */;
			proxyType = 1;
			remoteGlobalIDString = 478D6FD92D2D0FE80075AA38;
			remoteInfo = douyupro;
		};
		478D6FFB2D2D0FED0075AA38 /* PBXContainerItemProxy */ = {
			isa = PBXContainerItemProxy;
			containerPortal = 478D6FD22D2D0FE80075AA38 /* Project object */;
			proxyType = 1;
			remoteGlobalIDString = 478D6FD92D2D0FE80075AA38;
			remoteInfo = douyupro;
		};
/* End PBXContainerItemProxy section */

/* Begin PBXFileReference section */
		478D6FDA2D2D0FE80075AA38 /* douyupro.app */ = {isa = PBXFileReference; explicitFileType = wrapper.application; includeInIndex = 0; path = douyupro.app; sourceTree = BUILT_PRODUCTS_DIR; };
		478D6FF02D2D0FED0075AA38 /* douyuproTests.xctest */ = {isa = PBXFileReference; explicitFileType = wrapper.cfbundle; includeInIndex = 0; path = douyuproTests.xctest; sourceTree = BUILT_PRODUCTS_DIR; };
		478D6FFA2D2D0FED0075AA38 /* douyuproUITests.xctest */ = {isa = PBXFileReference; explicitFileType = wrapper.cfbundle; includeInIndex = 0; path = douyuproUITests.xctest; sourceTree = BUILT_PRODUCTS_DIR; };
/* End PBXFileReference section */

/* Begin PBXFileSystemSynchronizedBuildFileExceptionSet section */
		478D70022D2D0FED0075AA38 /* Exceptions for "douyupro" folder in "douyupro" target */ = {
			isa = PBXFileSystemSynchronizedBuildFileExceptionSet;
			membershipExceptions = (
				Info.plist,
			);
			target = 478D6FD92D2D0FE80075AA38 /* douyupro */;
		};
/* End PBXFileSystemSynchronizedBuildFileExceptionSet section */

/* Begin PBXFileSystemSynchronizedRootGroup section */
		478D6FDC2D2D0FE80075AA38 /* douyupro */ = {
			isa = PBXFileSystemSynchronizedRootGroup;
			exceptions = (
				478D70022D2D0FED0075AA38 /* Exceptions for "douyupro" folder in "douyupro" target */,
			);
			path = douyupro;
			sourceTree = "<group>";
		};
		478D6FF32D2D0FED0075AA38 /* douyuproTests */ = {
			isa = PBXFileSystemSynchronizedRootGroup;
			path = douyuproTests;
			sourceTree = "<group>";
		};
		478D6FFD2D2D0FED0075AA38 /* douyuproUITests */ = {
			isa = PBXFileSystemSynchronizedRootGroup;
			path = douyuproUITests;
			sourceTree = "<group>";
		};
/* End PBXFileSystemSynchronizedRootGroup section */

/* Begin PBXFrameworksBuildPhase section */
		478D6FD72D2D0FE80075AA38 /* Frameworks */ = {
			isa = PBXFrameworksBuildPhase;
			buildActionMask = 2147483647;
			files = (
			);
			runOnlyForDeploymentPostprocessing = 0;
		};
		478D6FED2D2D0FED0075AA38 /* Frameworks */ = {
			isa = PBXFrameworksBuildPhase;
			buildActionMask = 2147483647;
			files = (
			);
			runOnlyForDeploymentPostprocessing = 0;
		};
		478D6FF72D2D0FED0075AA38 /* Frameworks */ = {
			isa = PBXFrameworksBuildPhase;
			buildActionMask = 2147483647;
			files = (
			);
			runOnlyForDeploymentPostprocessing = 0;
		};
/* End PBXFrameworksBuildPhase section */

/* Begin PBXGroup section */
		478D6FD12D2D0FE80075AA38 = {
			isa = PBXGroup;
			children = (
				478D6FDC2D2D0FE80075AA38 /* douyupro */,
				478D6FF32D2D0FED0075AA38 /* douyuproTests */,
				478D6FFD2D2D0FED0075AA38 /* douyuproUITests */,
				478D6FDB2D2D0FE80075AA38 /* Products */,
			);
			sourceTree = "<group>";
		};
		478D6FDB2D2D0FE80075AA38 /* Products */ = {
			isa = PBXGroup;
			children = (
				478D6FDA2D2D0FE80075AA38 /* douyupro.app */,
				478D6FF02D2D0FED0075AA38 /* douyuproTests.xctest */,
				478D6FFA2D2D0FED0075AA38 /* douyuproUITests.xctest */,
			);
			name = Products;
			sourceTree = "<group>";
		};
/* End PBXGroup section */

/* Begin PBXNativeTarget section */
		478D6FD92D2D0FE80075AA38 /* douyupro */ = {
			isa = PBXNativeTarget;
			buildConfigurationList = 478D70032D2D0FED0075AA38 /* Build configuration list for PBXNativeTarget "douyupro" */;
			buildPhases = (
				478D6FD62D2D0FE80075AA38 /* Sources */,
				478D6FD72D2D0FE80075AA38 /* Frameworks */,
				478D6FD82D2D0FE80075AA38 /* Resources */,
			);
			buildRules = (
			);
			dependencies = (
			);
			fileSystemSynchronizedGroups = (
				478D6FDC2D2D0FE80075AA38 /* douyupro */,
			);
			name = douyupro;
			packageProductDependencies = (
			);
			productName = douyupro;
			productReference = 478D6FDA2D2D0FE80075AA38 /* douyupro.app */;
			productType = "com.apple.product-type.application";
		};
		478D6FEF2D2D0FED0075AA38 /* douyuproTests */ = {
			isa = PBXNativeTarget;
			buildConfigurationList = 478D70082D2D0FED0075AA38 /* Build configuration list for PBXNativeTarget "douyuproTests" */;
			buildPhases = (
				478D6FEC2D2D0FED0075AA38 /* Sources */,
				478D6FED2D2D0FED0075AA38 /* Frameworks */,
				478D6FEE2D2D0FED0075AA38 /* Resources */,
			);
			buildRules = (
			);
			dependencies = (
				478D6FF22D2D0FED0075AA38 /* PBXTargetDependency */,
			);
			fileSystemSynchronizedGroups = (
				478D6FF32D2D0FED0075AA38 /* douyuproTests */,
			);
			name = douyuproTests;
			packageProductDependencies = (
			);
			productName = douyuproTests;
			productReference = 478D6FF02D2D0FED0075AA38 /* douyuproTests.xctest */;
			productType = "com.apple.product-type.bundle.unit-test";
		};
		478D6FF92D2D0FED0075AA38 /* douyuproUITests */ = {
			isa = PBXNativeTarget;
			buildConfigurationList = 478D700B2D2D0FED0075AA38 /* Build configuration list for PBXNativeTarget "douyuproUITests" */;
			buildPhases = (
				478D6FF62D2D0FED0075AA38 /* Sources */,
				478D6FF72D2D0FED0075AA38 /* Frameworks */,
				478D6FF82D2D0FED0075AA38 /* Resources */,
			);
			buildRules = (
			);
			dependencies = (
				478D6FFC2D2D0FED0075AA38 /* PBXTargetDependency */,
			);
			fileSystemSynchronizedGroups = (
				478D6FFD2D2D0FED0075AA38 /* douyuproUITests */,
			);
			name = douyuproUITests;
			packageProductDependencies = (
			);
			productName = douyuproUITests;
			productReference = 478D6FFA2D2D0FED0075AA38 /* douyuproUITests.xctest */;
			productType = "com.apple.product-type.bundle.ui-testing";
		};
/* End PBXNativeTarget section */

/* Begin PBXProject section */
		478D6FD22D2D0FE80075AA38 /* Project object */ = {
			isa = PBXProject;
			attributes = {
				BuildIndependentTargetsInParallel = 1;
				LastSwiftUpdateCheck = 1620;
				LastUpgradeCheck = 1620;
				TargetAttributes = {
					478D6FD92D2D0FE80075AA38 = {
						CreatedOnToolsVersion = 16.2;
					};
					478D6FEF2D2D0FED0075AA38 = {
						CreatedOnToolsVersion = 16.2;
						TestTargetID = 478D6FD92D2D0FE80075AA38;
					};
					478D6FF92D2D0FED0075AA38 = {
						CreatedOnToolsVersion = 16.2;
						TestTargetID = 478D6FD92D2D0FE80075AA38;
					};
				};
			};
			buildConfigurationList = 478D6FD52D2D0FE80075AA38 /* Build configuration list for PBXProject "douyupro" */;
			developmentRegion = en;
			hasScannedForEncodings = 0;
			knownRegions = (
				en,
				Base,
			);
			mainGroup = 478D6FD12D2D0FE80075AA38;
			minimizedProjectReferenceProxies = 1;
			preferredProjectObjectVersion = 77;
			productRefGroup = 478D6FDB2D2D0FE80075AA38 /* Products */;
			projectDirPath = "";
			projectRoot = "";
			targets = (
				478D6FD92D2D0FE80075AA38 /* douyupro */,
				478D6FEF2D2D0FED0075AA38 /* douyuproTests */,
				478D6FF92D2D0FED0075AA38 /* douyuproUITests */,
			);
		};
/* End PBXProject section */

/* Begin PBXResourcesBuildPhase section */
		478D6FD82D2D0FE80075AA38 /* Resources */ = {
			isa = PBXResourcesBuildPhase;
			buildActionMask = 2147483647;
			files = (
			);
			runOnlyForDeploymentPostprocessing = 0;
		};
		478D6FEE2D2D0FED0075AA38 /* Resources */ = {
			isa = PBXResourcesBuildPhase;
			buildActionMask = 2147483647;
			files = (
			);
			runOnlyForDeploymentPostprocessing = 0;
		};
		478D6FF82D2D0FED0075AA38 /* Resources */ = {
			isa = PBXResourcesBuildPhase;
			buildActionMask = 2147483647;
			files = (
			);
			runOnlyForDeploymentPostprocessing = 0;
		};
/* End PBXResourcesBuildPhase section */

/* Begin PBXSourcesBuildPhase section */
		478D6FD62D2D0FE80075AA38 /* Sources */ = {
			isa = PBXSourcesBuildPhase;
			buildActionMask = 2147483647;
			files = (
			);
			runOnlyForDeploymentPostprocessing = 0;
		};
		478D6FEC2D2D0FED0075AA38 /* Sources */ = {
			isa = PBXSourcesBuildPhase;
			buildActionMask = 2147483647;
			files = (
			);
			runOnlyForDeploymentPostprocessing = 0;
		};
		478D6FF62D2D0FED0075AA38 /* Sources */ = {
			isa = PBXSourcesBuildPhase;
			buildActionMask = 2147483647;
			files = (
			);
			runOnlyForDeploymentPostprocessing = 0;
		};
/* End PBXSourcesBuildPhase section */

/* Begin PBXTargetDependency section */
		478D6FF22D2D0FED0075AA38 /* PBXTargetDependency */ = {
			isa = PBXTargetDependency;
			target = 478D6FD92D2D0FE80075AA38 /* douyupro */;
			targetProxy = 478D6FF12D2D0FED0075AA38 /* PBXContainerItemProxy */;
		};
		478D6FFC2D2D0FED0075AA38 /* PBXTargetDependency */ = {
			isa = PBXTargetDependency;
			target = 478D6FD92D2D0FE80075AA38 /* douyupro */;
			targetProxy = 478D6FFB2D2D0FED0075AA38 /* PBXContainerItemProxy */;
		};
/* End PBXTargetDependency section */

/* Begin XCBuildConfiguration section */
		478D70042D2D0FED0075AA38 /* Debug */ = {
			isa = XCBuildConfiguration;
			buildSettings = {
				ASSETCATALOG_COMPILER_APPICON_NAME = AppIcon;
				ASSETCATALOG_COMPILER_GLOBAL_ACCENT_COLOR_NAME = AccentColor;
				CODE_SIGN_STYLE = Automatic;
				CURRENT_PROJECT_VERSION = 1;
				DEVELOPMENT_TEAM = 5T2YLYAMZ6;
				GENERATE_INFOPLIST_FILE = YES;
				INFOPLIST_FILE = douyupro/Info.plist;
				INFOPLIST_KEY_UIApplicationSupportsIndirectInputEvents = YES;
				INFOPLIST_KEY_UILaunchStoryboardName = LaunchScreen;
				INFOPLIST_KEY_UIMainStoryboardFile = Main;
				INFOPLIST_KEY_UISupportedInterfaceOrientations_iPad = "UIInterfaceOrientationPortrait UIInterfaceOrientationPortraitUpsideDown UIInterfaceOrientationLandscapeLeft UIInterfaceOrientationLandscapeRight";
				INFOPLIST_KEY_UISupportedInterfaceOrientations_iPhone = "UIInterfaceOrientationPortrait UIInterfaceOrientationLandscapeLeft UIInterfaceOrientationLandscapeRight";
				LD_RUNPATH_SEARCH_PATHS = (
					"$(inherited)",
					"@executable_path/Frameworks",
				);
				MARKETING_VERSION = 1.0;
				PRODUCT_BUNDLE_IDENTIFIER = com.zsh.douyupro;
				PRODUCT_NAME = "$(TARGET_NAME)";
				SWIFT_EMIT_LOC_STRINGS = YES;
				SWIFT_VERSION = 5.0;
				TARGETED_DEVICE_FAMILY = "1,2";
			};
			name = Debug;
		};
		478D70052D2D0FED0075AA38 /* Release */ = {
			isa = XCBuildConfiguration;
			buildSettings = {
				ASSETCATALOG_COMPILER_APPICON_NAME = AppIcon;
				ASSETCATALOG_COMPILER_GLOBAL_ACCENT_COLOR_NAME = AccentColor;
				CODE_SIGN_STYLE = Automatic;
				CURRENT_PROJECT_VERSION = 1;
				DEVELOPMENT_TEAM = 5T2YLYAMZ6;
				GENERATE_INFOPLIST_FILE = YES;
				INFOPLIST_FILE = douyupro/Info.plist;
				INFOPLIST_KEY_UIApplicationSupportsIndirectInputEvents = YES;
				INFOPLIST_KEY_UILaunchStoryboardName = LaunchScreen;
				INFOPLIST_KEY_UIMainStoryboardFile = Main;
				INFOPLIST_KEY_UISupportedInterfaceOrientations_iPad = "UIInterfaceOrientationPortrait UIInterfaceOrientationPortraitUpsideDown UIInterfaceOrientationLandscapeLeft UIInterfaceOrientationLandscapeRight";
				INFOPLIST_KEY_UISupportedInterfaceOrientations_iPhone = "UIInterfaceOrientationPortrait UIInterfaceOrientationLandscapeLeft UIInterfaceOrientationLandscapeRight";
				LD_RUNPATH_SEARCH_PATHS = (
					"$(inherited)",
					"@executable_path/Frameworks",
				);
				MARKETING_VERSION = 1.0;
				PRODUCT_BUNDLE_IDENTIFIER = com.zsh.douyupro;
				PRODUCT_NAME = "$(TARGET_NAME)";
				SWIFT_EMIT_LOC_STRINGS = YES;
				SWIFT_VERSION = 5.0;
				TARGETED_DEVICE_FAMILY = "1,2";
			};
			name = Release;
		};
		478D70062D2D0FED0075AA38 /* Debug */ = {
			isa = XCBuildConfiguration;
			buildSettings = {
				ALWAYS_SEARCH_USER_PATHS = NO;
				ASSETCATALOG_COMPILER_GENERATE_SWIFT_ASSET_SYMBOL_EXTENSIONS = YES;
				CLANG_ANALYZER_NONNULL = YES;
				CLANG_ANALYZER_NUMBER_OBJECT_CONVERSION = YES_AGGRESSIVE;
				CLANG_CXX_LANGUAGE_STANDARD = "gnu++20";
				CLANG_ENABLE_MODULES = YES;
				CLANG_ENABLE_OBJC_ARC = YES;
				CLANG_ENABLE_OBJC_WEAK = YES;
				CLANG_WARN_BLOCK_CAPTURE_AUTORELEASING = YES;
				CLANG_WARN_BOOL_CONVERSION = YES;
				CLANG_WARN_COMMA = YES;
				CLANG_WARN_CONSTANT_CONVERSION = YES;
				CLANG_WARN_DEPRECATED_OBJC_IMPLEMENTATIONS = YES;
				CLANG_WARN_DIRECT_OBJC_ISA_USAGE = YES_ERROR;
				CLANG_WARN_DOCUMENTATION_COMMENTS = YES;
				CLANG_WARN_EMPTY_BODY = YES;
				CLANG_WARN_ENUM_CONVERSION = YES;
				CLANG_WARN_INFINITE_RECURSION = YES;
				CLANG_WARN_INT_CONVERSION = YES;
				CLANG_WARN_NON_LITERAL_NULL_CONVERSION = YES;
				CLANG_WARN_OBJC_IMPLICIT_RETAIN_SELF = YES;
				CLANG_WARN_OBJC_LITERAL_CONVERSION = YES;
				CLANG_WARN_OBJC_ROOT_CLASS = YES_ERROR;
				CLANG_WARN_QUOTED_INCLUDE_IN_FRAMEWORK_HEADER = YES;
				CLANG_WARN_RANGE_LOOP_ANALYSIS = YES;
				CLANG_WARN_STRICT_PROTOTYPES = YES;
				CLANG_WARN_SUSPICIOUS_MOVE = YES;
				CLANG_WARN_UNGUARDED_AVAILABILITY = YES_AGGRESSIVE;
				CLANG_WARN_UNREACHABLE_CODE = YES;
				CLANG_WARN__DUPLICATE_METHOD_MATCH = YES;
				COPY_PHASE_STRIP = NO;
				DEBUG_INFORMATION_FORMAT = dwarf;
				ENABLE_STRICT_OBJC_MSGSEND = YES;
				ENABLE_TESTABILITY = YES;
				ENABLE_USER_SCRIPT_SANDBOXING = YES;
				GCC_C_LANGUAGE_STANDARD = gnu17;
				GCC_DYNAMIC_NO_PIC = NO;
				GCC_NO_COMMON_BLOCKS = YES;
				GCC_OPTIMIZATION_LEVEL = 0;
				GCC_PREPROCESSOR_DEFINITIONS = (
					"DEBUG=1",
					"$(inherited)",
				);
				GCC_WARN_64_TO_32_BIT_CONVERSION = YES;
				GCC_WARN_ABOUT_RETURN_TYPE = YES_ERROR;
				GCC_WARN_UNDECLARED_SELECTOR = YES;
				GCC_WARN_UNINITIALIZED_AUTOS = YES_AGGRESSIVE;
				GCC_WARN_UNUSED_FUNCTION = YES;
				GCC_WARN_UNUSED_VARIABLE = YES;
				IPHONEOS_DEPLOYMENT_TARGET = 18.2;
				LOCALIZATION_PREFERS_STRING_CATALOGS = YES;
				MTL_ENABLE_DEBUG_INFO = INCLUDE_SOURCE;
				MTL_FAST_MATH = YES;
				ONLY_ACTIVE_ARCH = YES;
				SDKROOT = iphoneos;
				SWIFT_ACTIVE_COMPILATION_CONDITIONS = "DEBUG $(inherited)";
				SWIFT_OPTIMIZATION_LEVEL = "-Onone";
			};
			name = Debug;
		};
		478D70072D2D0FED0075AA38 /* Release */ = {
			isa = XCBuildConfiguration;
			buildSettings = {
				ALWAYS_SEARCH_USER_PATHS = NO;
				ASSETCATALOG_COMPILER_GENERATE_SWIFT_ASSET_SYMBOL_EXTENSIONS = YES;
				CLANG_ANALYZER_NONNULL = YES;
				CLANG_ANALYZER_NUMBER_OBJECT_CONVERSION = YES_AGGRESSIVE;
				CLANG_CXX_LANGUAGE_STANDARD = "gnu++20";
				CLANG_ENABLE_MODULES = YES;
				CLANG_ENABLE_OBJC_ARC = YES;
				CLANG_ENABLE_OBJC_WEAK = YES;
				CLANG_WARN_BLOCK_CAPTURE_AUTORELEASING = YES;
				CLANG_WARN_BOOL_CONVERSION = YES;
				CLANG_WARN_COMMA = YES;
				CLANG_WARN_CONSTANT_CONVERSION = YES;
				CLANG_WARN_DEPRECATED_OBJC_IMPLEMENTATIONS = YES;
				CLANG_WARN_DIRECT_OBJC_ISA_USAGE = YES_ERROR;
				CLANG_WARN_DOCUMENTATION_COMMENTS = YES;
				CLANG_WARN_EMPTY_BODY = YES;
				CLANG_WARN_ENUM_CONVERSION = YES;
				CLANG_WARN_INFINITE_RECURSION = YES;
				CLANG_WARN_INT_CONVERSION = YES;
				CLANG_WARN_NON_LITERAL_NULL_CONVERSION = YES;
				CLANG_WARN_OBJC_IMPLICIT_RETAIN_SELF = YES;
				CLANG_WARN_OBJC_LITERAL_CONVERSION = YES;
				CLANG_WARN_OBJC_ROOT_CLASS = YES_ERROR;
				CLANG_WARN_QUOTED_INCLUDE_IN_FRAMEWORK_HEADER = YES;
				CLANG_WARN_RANGE_LOOP_ANALYSIS = YES;
				CLANG_WARN_STRICT_PROTOTYPES = YES;
				CLANG_WARN_SUSPICIOUS_MOVE = YES;
				CLANG_WARN_UNGUARDED_AVAILABILITY = YES_AGGRESSIVE;
				CLANG_WARN_UNREACHABLE_CODE = YES;
				CLANG_WARN__DUPLICATE_METHOD_MATCH = YES;
				COPY_PHASE_STRIP = NO;
				DEBUG_INFORMATION_FORMAT = "dwarf-with-dsym";
				ENABLE_NS_ASSERTIONS = NO;
				ENABLE_STRICT_OBJC_MSGSEND = YES;
				ENABLE_USER_SCRIPT_SANDBOXING = YES;
				GCC_C_LANGUAGE_STANDARD = gnu17;
				GCC_NO_COMMON_BLOCKS = YES;
				GCC_WARN_64_TO_32_BIT_CONVERSION = YES;
				GCC_WARN_ABOUT_RETURN_TYPE = YES_ERROR;
				GCC_WARN_UNDECLARED_SELECTOR = YES;
				GCC_WARN_UNINITIALIZED_AUTOS = YES_AGGRESSIVE;
				GCC_WARN_UNUSED_FUNCTION = YES;
				GCC_WARN_UNUSED_VARIABLE = YES;
				IPHONEOS_DEPLOYMENT_TARGET = 18.2;
				LOCALIZATION_PREFERS_STRING_CATALOGS = YES;
				MTL_ENABLE_DEBUG_INFO = NO;
				MTL_FAST_MATH = YES;
				SDKROOT = iphoneos;
				SWIFT_COMPILATION_MODE = wholemodule;
				VALIDATE_PRODUCT = YES;
			};
			name = Release;
		};
		478D70092D2D0FED0075AA38 /* Debug */ = {
			isa = XCBuildConfiguration;
			buildSettings = {
				BUNDLE_LOADER = "$(TEST_HOST)";
				CODE_SIGN_STYLE = Automatic;
				CURRENT_PROJECT_VERSION = 1;
				DEVELOPMENT_TEAM = 5T2YLYAMZ6;
				GENERATE_INFOPLIST_FILE = YES;
				IPHONEOS_DEPLOYMENT_TARGET = 18.2;
				MARKETING_VERSION = 1.0;
				PRODUCT_BUNDLE_IDENTIFIER = com.zsh.douyuproTests;
				PRODUCT_NAME = "$(TARGET_NAME)";
				SWIFT_EMIT_LOC_STRINGS = NO;
				SWIFT_VERSION = 5.0;
				TARGETED_DEVICE_FAMILY = "1,2";
				TEST_HOST = "$(BUILT_PRODUCTS_DIR)/douyupro.app/$(BUNDLE_EXECUTABLE_FOLDER_PATH)/douyupro";
			};
			name = Debug;
		};
		478D700A2D2D0FED0075AA38 /* Release */ = {
			isa = XCBuildConfiguration;
			buildSettings = {
				BUNDLE_LOADER = "$(TEST_HOST)";
				CODE_SIGN_STYLE = Automatic;
				CURRENT_PROJECT_VERSION = 1;
				DEVELOPMENT_TEAM = 5T2YLYAMZ6;
				GENERATE_INFOPLIST_FILE = YES;
				IPHONEOS_DEPLOYMENT_TARGET = 18.2;
				MARKETING_VERSION = 1.0;
				PRODUCT_BUNDLE_IDENTIFIER = com.zsh.douyuproTests;
				PRODUCT_NAME = "$(TARGET_NAME)";
				SWIFT_EMIT_LOC_STRINGS = NO;
				SWIFT_VERSION = 5.0;
				TARGETED_DEVICE_FAMILY = "1,2";
				TEST_HOST = "$(BUILT_PRODUCTS_DIR)/douyupro.app/$(BUNDLE_EXECUTABLE_FOLDER_PATH)/douyupro";
			};
			name = Release;
		};
		478D700C2D2D0FED0075AA38 /* Debug */ = {
			isa = XCBuildConfiguration;
			buildSettings = {
				CODE_SIGN_STYLE = Automatic;
				CURRENT_PROJECT_VERSION = 1;
				DEVELOPMENT_TEAM = 5T2YLYAMZ6;
				GENERATE_INFOPLIST_FILE = YES;
				MARKETING_VERSION = 1.0;
				PRODUCT_BUNDLE_IDENTIFIER = com.zsh.douyuproUITests;
				PRODUCT_NAME = "$(TARGET_NAME)";
				SWIFT_EMIT_LOC_STRINGS = NO;
				SWIFT_VERSION = 5.0;
				TARGETED_DEVICE_FAMILY = "1,2";
				TEST_TARGET_NAME = douyupro;
			};
			name = Debug;
		};
		478D700D2D2D0FED0075AA38 /* Release */ = {
			isa = XCBuildConfiguration;
			buildSettings = {
				CODE_SIGN_STYLE = Automatic;
				CURRENT_PROJECT_VERSION = 1;
				DEVELOPMENT_TEAM = 5T2YLYAMZ6;
				GENERATE_INFOPLIST_FILE = YES;
				MARKETING_VERSION = 1.0;
				PRODUCT_BUNDLE_IDENTIFIER = com.zsh.douyuproUITests;
				PRODUCT_NAME = "$(TARGET_NAME)";
				SWIFT_EMIT_LOC_STRINGS = NO;
				SWIFT_VERSION = 5.0;
				TARGETED_DEVICE_FAMILY = "1,2";
				TEST_TARGET_NAME = douyupro;
			};
			name = Release;
		};
/* End XCBuildConfiguration section */

/* Begin XCConfigurationList section */
		478D6FD52D2D0FE80075AA38 /* Build configuration list for PBXProject "douyupro" */ = {
			isa = XCConfigurationList;
			buildConfigurations = (
				478D70062D2D0FED0075AA38 /* Debug */,
				478D70072D2D0FED0075AA38 /* Release */,
			);
			defaultConfigurationIsVisible = 0;
			defaultConfigurationName = Release;
		};
		478D70032D2D0FED0075AA38 /* Build configuration list for PBXNativeTarget "douyupro" */ = {
			isa = XCConfigurationList;
			buildConfigurations = (
				478D70042D2D0FED0075AA38 /* Debug */,
				478D70052D2D0FED0075AA38 /* Release */,
			);
			defaultConfigurationIsVisible = 0;
			defaultConfigurationName = Release;
		};
		478D70082D2D0FED0075AA38 /* Build configuration list for PBXNativeTarget "douyuproTests" */ = {
			isa = XCConfigurationList;
			buildConfigurations = (
				478D70092D2D0FED0075AA38 /* Debug */,
				478D700A2D2D0FED0075AA38 /* Release */,
			);
			defaultConfigurationIsVisible = 0;
			defaultConfigurationName = Release;
		};
		478D700B2D2D0FED0075AA38 /* Build configuration list for PBXNativeTarget "douyuproUITests" */ = {
			isa = XCConfigurationList;
			buildConfigurations = (
				478D700C2D2D0FED0075AA38 /* Debug */,
				478D700D2D2D0FED0075AA38 /* Release */,
			);
			defaultConfigurationIsVisible = 0;
			defaultConfigurationName = Release;
		};
/* End XCConfigurationList section */
	};
	rootObject = 478D6FD22D2D0FE80075AA38 /* Project object */;
}
